
Microsoft Visual Studio Solution File, Format Version 12.00
# Visual Studio 14
VisualStudioVersion = 14.0.25420.1
MinimumVisualStudioVersion = 10.0.40219.1
Project("{FAE04EC0-301F-11D3-BF4B-00C04F79EFBC}") = "DTO", "DTO\DTO.csproj", "{2E3D6435-A9AE-4B60-8815-55044B7E4226}"
EndProject
Project("{FAE04EC0-301F-11D3-BF4B-00C04F79EFBC}") = "DAO", "DAO\DAO.csproj", "{F9C7B579-EB92-481E-BE94-62A5A6D5170F}"
EndProject
Project("{FAE04EC0-301F-11D3-BF4B-00C04F79EFBC}") = "BUS", "BUS\BUS.csproj", "{CBF4AEFE-33ED-478B-AB80-05D640895230}"
EndProject
Project("{FAE04EC0-301F-11D3-BF4B-00C04F79EFBC}") = "GUI", "GUI\GUI.csproj", "{67F2B3C1-F1A5-4763-B354-3329E5B0EF97}"
EndProject
Global
	GlobalSection(SolutionConfigurationPlatforms) = preSolution
		Debug|Any CPU = Debug|Any CPU
		Release|Any CPU = Release|Any CPU
	EndGlobalSection
	GlobalSection(ProjectConfigurationPlatforms) = postSolution
		{2E3D6435-A9AE-4B60-8815-55044B7E4226}.Debug|Any CPU.ActiveCfg = Debug|Any CPU
		{2E3D6435-A9AE-4B60-8815-55044B7E4226}.Debug|Any CPU.Build.0 = Debug|Any CPU
		{2E3D6435-A9AE-4B60-8815-55044B7E4226}.Release|Any CPU.ActiveCfg = Release|Any CPU
		{2E3D6435-A9AE-4B60-8815-55044B7E4226}.Release|Any CPU.Build.0 = Release|Any CPU
		{F9C7B579-EB92-481E-BE94-62A5A6D5170F}.Debug|Any CPU.ActiveCfg = Debug|Any CPU
		{F9C7B579-EB92-481E-BE94-62A5A6D5170F}.Debug|Any CPU.Build.0 = Debug|Any CPU
		{F9C7B579-EB92-481E-BE94-62A5A6D5170F}.Release|Any CPU.ActiveCfg = Release|Any CPU
		{F9C7B579-EB92-481E-BE94-62A5A6D5170F}.Release|Any CPU.Build.0 = Release|Any CPU
		{CBF4AEFE-33ED-478B-AB80-05D640895230}.Debug|Any CPU.ActiveCfg = Debug|Any CPU
		{CBF4AEFE-33ED-478B-AB80-05D640895230}.Debug|Any CPU.Build.0 = Debug|Any CPU
		{CBF4AEFE-33ED-478B-AB80-05D640895230}.Release|Any CPU.ActiveCfg = Release|Any CPU
		{CBF4AEFE-33ED-478B-AB80-05D640895230}.Release|Any CPU.Build.0 = Release|Any CPU
		{67F2B3C1-F1A5-4763-B354-3329E5B0EF97}.Debug|Any CPU.ActiveCfg = Debug|Any CPU
		{67F2B3C1-F1A5-4763-B354-3329E5B0EF97}.Debug|Any CPU.Build.0 = Debug|Any CPU
		{67F2B3C1-F1A5-4763-B354-3329E5B0EF97}.Release|Any CPU.ActiveCfg = Release|Any CPU
		{67F2B3C1-F1A5-4763-B354-3329E5B0EF97}.Release|Any CPU.Build.0 = Release|Any CPU
	EndGlobalSection
	GlobalSection(SolutionProperties) = preSolution
		HideSolutionNode = FALSE
	EndGlobalSection
EndGlobal
